{
  "originHash" : "1e8f5078f686e6f27d9ca25a613cf5986f2cd4b147d4804eff4470975cfe2ef1",
  "pins" : [
    {
      "identity" : "infinitescrollviews",
      "kind" : "remoteSourceControl",
      "location" : "https://github.com/b5i/InfiniteScrollViews",
      "state" : {
        "revision" : "a98923b134d2c03a044a750f53371d39452ba938"
      }
    },
    {
      "identity" : "swiftui-cached-async-image",
      "kind" : "remoteSourceControl",
      "location" : "https://github.com/lorenzofiamingo/swiftui-cached-async-image",
      "state" : {
        "revision" : "467a3d17479887943ab917a379e62bbaff60ac8a",
        "version" : "2.1.1"
      }
    },
    {
      "identity" : "youtubekit",
      "kind" : "remoteSourceControl",
      "location" : "https://github.com/b5i/YouTubeKit",
      "state" : {
        "revision" : "b5ad96559d35916630711aa4caa8a425764a1195"
      }
    }
  ],
  "version" : 3
}
