{
  "pins" : [
    {
      "identity" : "infinitescrollviews",
      "kind" : "remoteSourceControl",
      "location" : "https://github.com/b5i/InfiniteScrollViews",
      "state" : {
        "revision" : "b6391dc8235d98941ee105c27e53091b5b9304f2"
      }
    },
    {
      "identity" : "swiftui-cached-async-image",
      "kind" : "remoteSourceControl",
      "location" : "https://github.com/lorenzofiamingo/swiftui-cached-async-image",
      "state" : {
        "revision" : "467a3d17479887943ab917a379e62bbaff60ac8a",
        "version" : "2.1.1"
      }
    },
    {
      "identity" : "youtubekit",
      "kind" : "remoteSourceControl",
      "location" : "https://github.com/b5i/YouTubeKit",
      "state" : {
        "revision" : "429c928cee65b55f4e0369c7b44a64eaf4d82112"
      }
    }
  ],
  "version" : 2
}
