// !$*UTF8*$!
{
	archiveVersion = 1;
	classes = {
	};
	objectVersion = 56;
	objects = {

/* Begin PBXBuildFile section */
		3402201E2B000A480007E9EB /* VideoView.swift in Sources */ = {isa = PBXBuildFile; fileRef = 3402201D2B000A480007E9EB /* VideoView.swift */; };
		344DFF062A69918E0057093F /* CachedAsyncImage in Frameworks */ = {isa = PBXBuildFile; productRef = 344DFF052A69918E0057093F /* CachedAsyncImage */; };
		346258E92A643AFC0046D0ED /* InfiniteScrollViewsExampleApp.swift in Sources */ = {isa = PBXBuildFile; fileRef = 346258E82A643AFC0046D0ED /* InfiniteScrollViewsExampleApp.swift */; };
		346258EB2A643AFC0046D0ED /* ContentView.swift in Sources */ = {isa = PBXBuildFile; fileRef = 346258EA2A643AFC0046D0ED /* ContentView.swift */; };
		346258ED2A643B010046D0ED /* Assets.xcassets in Resources */ = {isa = PBXBuildFile; fileRef = 346258EC2A643B010046D0ED /* Assets.xcassets */; };
		346258F02A643B010046D0ED /* Preview Assets.xcassets in Resources */ = {isa = PBXBuildFile; fileRef = 346258EF2A643B010046D0ED /* Preview Assets.xcassets */; };
		346258FC2A643B530046D0ED /* HorizontalView.swift in Sources */ = {isa = PBXBuildFile; fileRef = 346258F72A643B530046D0ED /* HorizontalView.swift */; };
		346258FE2A643B530046D0ED /* DayView.swift in Sources */ = {isa = PBXBuildFile; fileRef = 346258F92A643B530046D0ED /* DayView.swift */; };
		346258FF2A643B530046D0ED /* PagedCalendarView.swift in Sources */ = {isa = PBXBuildFile; fileRef = 346258FA2A643B530046D0ED /* PagedCalendarView.swift */; };
		346259002A643B530046D0ED /* CalendarView.swift in Sources */ = {isa = PBXBuildFile; fileRef = 346258FB2A643B530046D0ED /* CalendarView.swift */; };
		346259062A6458940046D0ED /* AutomaticLoadMoreView.swift in Sources */ = {isa = PBXBuildFile; fileRef = 346259052A6458940046D0ED /* AutomaticLoadMoreView.swift */; };
		346259092A6463FE0046D0ED /* YouTubeKit in Frameworks */ = {isa = PBXBuildFile; productRef = 346259082A6463FE0046D0ED /* YouTubeKit */; };
		34F6CF4F2CE015AA003F7389 /* InfiniteScrollViews in Frameworks */ = {isa = PBXBuildFile; productRef = 34F6CF4E2CE015AA003F7389 /* InfiniteScrollViews */; };
/* End PBXBuildFile section */

/* Begin PBXFileReference section */
		3402201D2B000A480007E9EB /* VideoView.swift */ = {isa = PBXFileReference; lastKnownFileType = sourcecode.swift; path = VideoView.swift; sourceTree = "<group>"; };
		346258E52A643AFC0046D0ED /* InfiniteScrollViewsExample.app */ = {isa = PBXFileReference; explicitFileType = wrapper.application; includeInIndex = 0; path = InfiniteScrollViewsExample.app; sourceTree = BUILT_PRODUCTS_DIR; };
		346258E82A643AFC0046D0ED /* InfiniteScrollViewsExampleApp.swift */ = {isa = PBXFileReference; lastKnownFileType = sourcecode.swift; path = InfiniteScrollViewsExampleApp.swift; sourceTree = "<group>"; };
		346258EA2A643AFC0046D0ED /* ContentView.swift */ = {isa = PBXFileReference; lastKnownFileType = sourcecode.swift; path = ContentView.swift; sourceTree = "<group>"; };
		346258EC2A643B010046D0ED /* Assets.xcassets */ = {isa = PBXFileReference; lastKnownFileType = folder.assetcatalog; path = Assets.xcassets; sourceTree = "<group>"; };
		346258EF2A643B010046D0ED /* Preview Assets.xcassets */ = {isa = PBXFileReference; lastKnownFileType = folder.assetcatalog; path = "Preview Assets.xcassets"; sourceTree = "<group>"; };
		346258F72A643B530046D0ED /* HorizontalView.swift */ = {isa = PBXFileReference; fileEncoding = 4; lastKnownFileType = sourcecode.swift; path = HorizontalView.swift; sourceTree = "<group>"; };
		346258F92A643B530046D0ED /* DayView.swift */ = {isa = PBXFileReference; fileEncoding = 4; lastKnownFileType = sourcecode.swift; path = DayView.swift; sourceTree = "<group>"; };
		346258FA2A643B530046D0ED /* PagedCalendarView.swift */ = {isa = PBXFileReference; fileEncoding = 4; lastKnownFileType = sourcecode.swift; path = PagedCalendarView.swift; sourceTree = "<group>"; };
		346258FB2A643B530046D0ED /* CalendarView.swift */ = {isa = PBXFileReference; fileEncoding = 4; lastKnownFileType = sourcecode.swift; path = CalendarView.swift; sourceTree = "<group>"; };
		346259052A6458940046D0ED /* AutomaticLoadMoreView.swift */ = {isa = PBXFileReference; lastKnownFileType = sourcecode.swift; path = AutomaticLoadMoreView.swift; sourceTree = SOURCE_ROOT; };
/* End PBXFileReference section */

/* Begin PBXFrameworksBuildPhase section */
		346258E22A643AFC0046D0ED /* Frameworks */ = {
			isa = PBXFrameworksBuildPhase;
			buildActionMask = 2147483647;
			files = (
				34F6CF4F2CE015AA003F7389 /* InfiniteScrollViews in Frameworks */,
				344DFF062A69918E0057093F /* CachedAsyncImage in Frameworks */,
				346259092A6463FE0046D0ED /* YouTubeKit in Frameworks */,
			);
			runOnlyForDeploymentPostprocessing = 0;
		};
/* End PBXFrameworksBuildPhase section */

/* Begin PBXGroup section */
		340DC52E2A65E4DB00F0876F /* Frameworks */ = {
			isa = PBXGroup;
			children = (
			);
			name = Frameworks;
			sourceTree = "<group>";
		};
		346258DC2A643AFC0046D0ED = {
			isa = PBXGroup;
			children = (
				346258E72A643AFC0046D0ED /* InfiniteScrollViewsExample */,
				346258E62A643AFC0046D0ED /* Products */,
				340DC52E2A65E4DB00F0876F /* Frameworks */,
			);
			sourceTree = "<group>";
		};
		346258E62A643AFC0046D0ED /* Products */ = {
			isa = PBXGroup;
			children = (
				346258E52A643AFC0046D0ED /* InfiniteScrollViewsExample.app */,
			);
			name = Products;
			sourceTree = "<group>";
		};
		346258E72A643AFC0046D0ED /* InfiniteScrollViewsExample */ = {
			isa = PBXGroup;
			children = (
				346258F62A643B230046D0ED /* Examples */,
				346258E82A643AFC0046D0ED /* InfiniteScrollViewsExampleApp.swift */,
				346258EA2A643AFC0046D0ED /* ContentView.swift */,
				346258EC2A643B010046D0ED /* Assets.xcassets */,
				346258EE2A643B010046D0ED /* Preview Content */,
				3402201D2B000A480007E9EB /* VideoView.swift */,
			);
			path = InfiniteScrollViewsExample;
			sourceTree = "<group>";
		};
		346258EE2A643B010046D0ED /* Preview Content */ = {
			isa = PBXGroup;
			children = (
				346258EF2A643B010046D0ED /* Preview Assets.xcassets */,
			);
			path = "Preview Content";
			sourceTree = "<group>";
		};
		346258F62A643B230046D0ED /* Examples */ = {
			isa = PBXGroup;
			children = (
				346259052A6458940046D0ED /* AutomaticLoadMoreView.swift */,
				346258FB2A643B530046D0ED /* CalendarView.swift */,
				346258F92A643B530046D0ED /* DayView.swift */,
				346258F72A643B530046D0ED /* HorizontalView.swift */,
				346258FA2A643B530046D0ED /* PagedCalendarView.swift */,
			);
			path = Examples;
			sourceTree = "<group>";
		};
/* End PBXGroup section */

/* Begin PBXNativeTarget section */
		346258E42A643AFC0046D0ED /* InfiniteScrollViewsExample */ = {
			isa = PBXNativeTarget;
			buildConfigurationList = 346258F32A643B010046D0ED /* Build configuration list for PBXNativeTarget "InfiniteScrollViewsExample" */;
			buildPhases = (
				346258E12A643AFC0046D0ED /* Sources */,
				346258E22A643AFC0046D0ED /* Frameworks */,
				346258E32A643AFC0046D0ED /* Resources */,
			);
			buildRules = (
			);
			dependencies = (
			);
			name = InfiniteScrollViewsExample;
			packageProductDependencies = (
				346259082A6463FE0046D0ED /* YouTubeKit */,
				344DFF052A69918E0057093F /* CachedAsyncImage */,
				34F6CF4E2CE015AA003F7389 /* InfiniteScrollViews */,
			);
			productName = InfiniteScrollViewsExample;
			productReference = 346258E52A643AFC0046D0ED /* InfiniteScrollViewsExample.app */;
			productType = "com.apple.product-type.application";
		};
/* End PBXNativeTarget section */

/* Begin PBXProject section */
		346258DD2A643AFC0046D0ED /* Project object */ = {
			isa = PBXProject;
			attributes = {
				BuildIndependentTargetsInParallel = 1;
				LastSwiftUpdateCheck = 1500;
				LastUpgradeCheck = 1500;
				TargetAttributes = {
					346258E42A643AFC0046D0ED = {
						CreatedOnToolsVersion = 15.0;
					};
				};
			};
			buildConfigurationList = 346258E02A643AFC0046D0ED /* Build configuration list for PBXProject "InfiniteScrollViewsExample" */;
			compatibilityVersion = "Xcode 14.0";
			developmentRegion = en;
			hasScannedForEncodings = 0;
			knownRegions = (
				en,
				Base,
			);
			mainGroup = 346258DC2A643AFC0046D0ED;
			packageReferences = (
				346259072A6463FE0046D0ED /* XCRemoteSwiftPackageReference "YouTubeKit" */,
				344DFF042A69918E0057093F /* XCRemoteSwiftPackageReference "swiftui-cached-async-image" */,
				34F6CF4D2CE015AA003F7389 /* XCRemoteSwiftPackageReference "InfiniteScrollViews" */,
			);
			productRefGroup = 346258E62A643AFC0046D0ED /* Products */;
			projectDirPath = "";
			projectRoot = "";
			targets = (
				346258E42A643AFC0046D0ED /* InfiniteScrollViewsExample */,
			);
		};
/* End PBXProject section */

/* Begin PBXResourcesBuildPhase section */
		346258E32A643AFC0046D0ED /* Resources */ = {
			isa = PBXResourcesBuildPhase;
			buildActionMask = 2147483647;
			files = (
				346258F02A643B010046D0ED /* Preview Assets.xcassets in Resources */,
				346258ED2A643B010046D0ED /* Assets.xcassets in Resources */,
			);
			runOnlyForDeploymentPostprocessing = 0;
		};
/* End PBXResourcesBuildPhase section */

/* Begin PBXSourcesBuildPhase section */
		346258E12A643AFC0046D0ED /* Sources */ = {
			isa = PBXSourcesBuildPhase;
			buildActionMask = 2147483647;
			files = (
				346258FC2A643B530046D0ED /* HorizontalView.swift in Sources */,
				346259062A6458940046D0ED /* AutomaticLoadMoreView.swift in Sources */,
				346259002A643B530046D0ED /* CalendarView.swift in Sources */,
				346258FE2A643B530046D0ED /* DayView.swift in Sources */,
				3402201E2B000A480007E9EB /* VideoView.swift in Sources */,
				346258FF2A643B530046D0ED /* PagedCalendarView.swift in Sources */,
				346258EB2A643AFC0046D0ED /* ContentView.swift in Sources */,
				346258E92A643AFC0046D0ED /* InfiniteScrollViewsExampleApp.swift in Sources */,
			);
			runOnlyForDeploymentPostprocessing = 0;
		};
/* End PBXSourcesBuildPhase section */

/* Begin XCBuildConfiguration section */
		346258F12A643B010046D0ED /* Debug */ = {
			isa = XCBuildConfiguration;
			buildSettings = {
				ALWAYS_SEARCH_USER_PATHS = NO;
				ASSETCATALOG_COMPILER_GENERATE_SWIFT_ASSET_SYMBOL_EXTENSIONS = YES;
				CLANG_ANALYZER_NONNULL = YES;
				CLANG_ANALYZER_NUMBER_OBJECT_CONVERSION = YES_AGGRESSIVE;
				CLANG_CXX_LANGUAGE_STANDARD = "gnu++20";
				CLANG_ENABLE_MODULES = YES;
				CLANG_ENABLE_OBJC_ARC = YES;
				CLANG_ENABLE_OBJC_WEAK = YES;
				CLANG_WARN_BLOCK_CAPTURE_AUTORELEASING = YES;
				CLANG_WARN_BOOL_CONVERSION = YES;
				CLANG_WARN_COMMA = YES;
				CLANG_WARN_CONSTANT_CONVERSION = YES;
				CLANG_WARN_DEPRECATED_OBJC_IMPLEMENTATIONS = YES;
				CLANG_WARN_DIRECT_OBJC_ISA_USAGE = YES_ERROR;
				CLANG_WARN_DOCUMENTATION_COMMENTS = YES;
				CLANG_WARN_EMPTY_BODY = YES;
				CLANG_WARN_ENUM_CONVERSION = YES;
				CLANG_WARN_INFINITE_RECURSION = YES;
				CLANG_WARN_INT_CONVERSION = YES;
				CLANG_WARN_NON_LITERAL_NULL_CONVERSION = YES;
				CLANG_WARN_OBJC_IMPLICIT_RETAIN_SELF = YES;
				CLANG_WARN_OBJC_LITERAL_CONVERSION = YES;
				CLANG_WARN_OBJC_ROOT_CLASS = YES_ERROR;
				CLANG_WARN_QUOTED_INCLUDE_IN_FRAMEWORK_HEADER = YES;
				CLANG_WARN_RANGE_LOOP_ANALYSIS = YES;
				CLANG_WARN_STRICT_PROTOTYPES = YES;
				CLANG_WARN_SUSPICIOUS_MOVE = YES;
				CLANG_WARN_UNGUARDED_AVAILABILITY = YES_AGGRESSIVE;
				CLANG_WARN_UNREACHABLE_CODE = YES;
				CLANG_WARN__DUPLICATE_METHOD_MATCH = YES;
				COPY_PHASE_STRIP = NO;
				DEBUG_INFORMATION_FORMAT = dwarf;
				ENABLE_STRICT_OBJC_MSGSEND = YES;
				ENABLE_TESTABILITY = YES;
				ENABLE_USER_SCRIPT_SANDBOXING = YES;
				GCC_C_LANGUAGE_STANDARD = gnu17;
				GCC_DYNAMIC_NO_PIC = NO;
				GCC_NO_COMMON_BLOCKS = YES;
				GCC_OPTIMIZATION_LEVEL = 0;
				GCC_PREPROCESSOR_DEFINITIONS = (
					"DEBUG=1",
					"$(inherited)",
				);
				GCC_WARN_64_TO_32_BIT_CONVERSION = YES;
				GCC_WARN_ABOUT_RETURN_TYPE = YES_ERROR;
				GCC_WARN_UNDECLARED_SELECTOR = YES;
				GCC_WARN_UNINITIALIZED_AUTOS = YES_AGGRESSIVE;
				GCC_WARN_UNUSED_FUNCTION = YES;
				GCC_WARN_UNUSED_VARIABLE = YES;
				IPHONEOS_DEPLOYMENT_TARGET = 15.0;
				LOCALIZATION_PREFERS_STRING_CATALOGS = YES;
				MTL_ENABLE_DEBUG_INFO = INCLUDE_SOURCE;
				MTL_FAST_MATH = YES;
				ONLY_ACTIVE_ARCH = YES;
				SDKROOT = iphoneos;
				SWIFT_ACTIVE_COMPILATION_CONDITIONS = "DEBUG $(inherited)";
				SWIFT_OPTIMIZATION_LEVEL = "-Onone";
			};
			name = Debug;
		};
		346258F22A643B010046D0ED /* Release */ = {
			isa = XCBuildConfiguration;
			buildSettings = {
				ALWAYS_SEARCH_USER_PATHS = NO;
				ASSETCATALOG_COMPILER_GENERATE_SWIFT_ASSET_SYMBOL_EXTENSIONS = YES;
				CLANG_ANALYZER_NONNULL = YES;
				CLANG_ANALYZER_NUMBER_OBJECT_CONVERSION = YES_AGGRESSIVE;
				CLANG_CXX_LANGUAGE_STANDARD = "gnu++20";
				CLANG_ENABLE_MODULES = YES;
				CLANG_ENABLE_OBJC_ARC = YES;
				CLANG_ENABLE_OBJC_WEAK = YES;
				CLANG_WARN_BLOCK_CAPTURE_AUTORELEASING = YES;
				CLANG_WARN_BOOL_CONVERSION = YES;
				CLANG_WARN_COMMA = YES;
				CLANG_WARN_CONSTANT_CONVERSION = YES;
				CLANG_WARN_DEPRECATED_OBJC_IMPLEMENTATIONS = YES;
				CLANG_WARN_DIRECT_OBJC_ISA_USAGE = YES_ERROR;
				CLANG_WARN_DOCUMENTATION_COMMENTS = YES;
				CLANG_WARN_EMPTY_BODY = YES;
				CLANG_WARN_ENUM_CONVERSION = YES;
				CLANG_WARN_INFINITE_RECURSION = YES;
				CLANG_WARN_INT_CONVERSION = YES;
				CLANG_WARN_NON_LITERAL_NULL_CONVERSION = YES;
				CLANG_WARN_OBJC_IMPLICIT_RETAIN_SELF = YES;
				CLANG_WARN_OBJC_LITERAL_CONVERSION = YES;
				CLANG_WARN_OBJC_ROOT_CLASS = YES_ERROR;
				CLANG_WARN_QUOTED_INCLUDE_IN_FRAMEWORK_HEADER = YES;
				CLANG_WARN_RANGE_LOOP_ANALYSIS = YES;
				CLANG_WARN_STRICT_PROTOTYPES = YES;
				CLANG_WARN_SUSPICIOUS_MOVE = YES;
				CLANG_WARN_UNGUARDED_AVAILABILITY = YES_AGGRESSIVE;
				CLANG_WARN_UNREACHABLE_CODE = YES;
				CLANG_WARN__DUPLICATE_METHOD_MATCH = YES;
				COPY_PHASE_STRIP = NO;
				DEBUG_INFORMATION_FORMAT = "dwarf-with-dsym";
				ENABLE_NS_ASSERTIONS = NO;
				ENABLE_STRICT_OBJC_MSGSEND = YES;
				ENABLE_USER_SCRIPT_SANDBOXING = YES;
				GCC_C_LANGUAGE_STANDARD = gnu17;
				GCC_NO_COMMON_BLOCKS = YES;
				GCC_WARN_64_TO_32_BIT_CONVERSION = YES;
				GCC_WARN_ABOUT_RETURN_TYPE = YES_ERROR;
				GCC_WARN_UNDECLARED_SELECTOR = YES;
				GCC_WARN_UNINITIALIZED_AUTOS = YES_AGGRESSIVE;
				GCC_WARN_UNUSED_FUNCTION = YES;
				GCC_WARN_UNUSED_VARIABLE = YES;
				IPHONEOS_DEPLOYMENT_TARGET = 15.0;
				LOCALIZATION_PREFERS_STRING_CATALOGS = YES;
				MTL_ENABLE_DEBUG_INFO = NO;
				MTL_FAST_MATH = YES;
				SDKROOT = iphoneos;
				SWIFT_COMPILATION_MODE = wholemodule;
				VALIDATE_PRODUCT = YES;
			};
			name = Release;
		};
		346258F42A643B010046D0ED /* Debug */ = {
			isa = XCBuildConfiguration;
			buildSettings = {
				ASSETCATALOG_COMPILER_APPICON_NAME = AppIcon;
				ASSETCATALOG_COMPILER_GLOBAL_ACCENT_COLOR_NAME = AccentColor;
				CODE_SIGN_STYLE = Automatic;
				CURRENT_PROJECT_VERSION = 1;
				DEVELOPMENT_ASSET_PATHS = "\"InfiniteScrollViewsExample/Preview Content\"";
				DEVELOPMENT_TEAM = QDH78FDX85;
				ENABLE_PREVIEWS = YES;
				GENERATE_INFOPLIST_FILE = YES;
				INFOPLIST_KEY_UIApplicationSceneManifest_Generation = YES;
				INFOPLIST_KEY_UIApplicationSupportsIndirectInputEvents = YES;
				INFOPLIST_KEY_UILaunchScreen_Generation = YES;
				INFOPLIST_KEY_UISupportedInterfaceOrientations_iPad = "UIInterfaceOrientationPortrait UIInterfaceOrientationPortraitUpsideDown UIInterfaceOrientationLandscapeLeft UIInterfaceOrientationLandscapeRight";
				INFOPLIST_KEY_UISupportedInterfaceOrientations_iPhone = "UIInterfaceOrientationPortrait UIInterfaceOrientationLandscapeLeft UIInterfaceOrientationLandscapeRight";
				LD_RUNPATH_SEARCH_PATHS = (
					"$(inherited)",
					"@executable_path/Frameworks",
				);
				MACOSX_DEPLOYMENT_TARGET = 12.4;
				MARKETING_VERSION = 1.0;
				PRODUCT_BUNDLE_IDENTIFIER = "Antoine-Bollengier.InfiniteScrollViewsExample";
				PRODUCT_NAME = "$(TARGET_NAME)";
				REGISTER_APP_GROUPS = NO;
				SUPPORTED_PLATFORMS = "iphoneos iphonesimulator macosx";
				SUPPORTS_MACCATALYST = NO;
				SUPPORTS_MAC_DESIGNED_FOR_IPHONE_IPAD = NO;
				SWIFT_EMIT_LOC_STRINGS = YES;
				SWIFT_VERSION = 5.0;
				TARGETED_DEVICE_FAMILY = "1,2";
			};
			name = Debug;
		};
		346258F52A643B010046D0ED /* Release */ = {
			isa = XCBuildConfiguration;
			buildSettings = {
				ASSETCATALOG_COMPILER_APPICON_NAME = AppIcon;
				ASSETCATALOG_COMPILER_GLOBAL_ACCENT_COLOR_NAME = AccentColor;
				CODE_SIGN_STYLE = Automatic;
				CURRENT_PROJECT_VERSION = 1;
				DEVELOPMENT_ASSET_PATHS = "\"InfiniteScrollViewsExample/Preview Content\"";
				DEVELOPMENT_TEAM = QDH78FDX85;
				ENABLE_PREVIEWS = YES;
				GENERATE_INFOPLIST_FILE = YES;
				INFOPLIST_KEY_UIApplicationSceneManifest_Generation = YES;
				INFOPLIST_KEY_UIApplicationSupportsIndirectInputEvents = YES;
				INFOPLIST_KEY_UILaunchScreen_Generation = YES;
				INFOPLIST_KEY_UISupportedInterfaceOrientations_iPad = "UIInterfaceOrientationPortrait UIInterfaceOrientationPortraitUpsideDown UIInterfaceOrientationLandscapeLeft UIInterfaceOrientationLandscapeRight";
				INFOPLIST_KEY_UISupportedInterfaceOrientations_iPhone = "UIInterfaceOrientationPortrait UIInterfaceOrientationLandscapeLeft UIInterfaceOrientationLandscapeRight";
				LD_RUNPATH_SEARCH_PATHS = (
					"$(inherited)",
					"@executable_path/Frameworks",
				);
				MACOSX_DEPLOYMENT_TARGET = 12.4;
				MARKETING_VERSION = 1.0;
				PRODUCT_BUNDLE_IDENTIFIER = "Antoine-Bollengier.InfiniteScrollViewsExample";
				PRODUCT_NAME = "$(TARGET_NAME)";
				REGISTER_APP_GROUPS = NO;
				SUPPORTED_PLATFORMS = "iphoneos iphonesimulator macosx";
				SUPPORTS_MACCATALYST = NO;
				SUPPORTS_MAC_DESIGNED_FOR_IPHONE_IPAD = NO;
				SWIFT_EMIT_LOC_STRINGS = YES;
				SWIFT_VERSION = 5.0;
				TARGETED_DEVICE_FAMILY = "1,2";
			};
			name = Release;
		};
/* End XCBuildConfiguration section */

/* Begin XCConfigurationList section */
		346258E02A643AFC0046D0ED /* Build configuration list for PBXProject "InfiniteScrollViewsExample" */ = {
			isa = XCConfigurationList;
			buildConfigurations = (
				346258F12A643B010046D0ED /* Debug */,
				346258F22A643B010046D0ED /* Release */,
			);
			defaultConfigurationIsVisible = 0;
			defaultConfigurationName = Release;
		};
		346258F32A643B010046D0ED /* Build configuration list for PBXNativeTarget "InfiniteScrollViewsExample" */ = {
			isa = XCConfigurationList;
			buildConfigurations = (
				346258F42A643B010046D0ED /* Debug */,
				346258F52A643B010046D0ED /* Release */,
			);
			defaultConfigurationIsVisible = 0;
			defaultConfigurationName = Release;
		};
/* End XCConfigurationList section */

/* Begin XCRemoteSwiftPackageReference section */
		344DFF042A69918E0057093F /* XCRemoteSwiftPackageReference "swiftui-cached-async-image" */ = {
			isa = XCRemoteSwiftPackageReference;
			repositoryURL = "https://github.com/lorenzofiamingo/swiftui-cached-async-image";
			requirement = {
				kind = exactVersion;
				version = 2.1.1;
			};
		};
		346259072A6463FE0046D0ED /* XCRemoteSwiftPackageReference "YouTubeKit" */ = {
			isa = XCRemoteSwiftPackageReference;
			repositoryURL = "https://github.com/b5i/YouTubeKit";
			requirement = {
				kind = revision;
				revision = b5ad96559d35916630711aa4caa8a425764a1195;
			};
		};
		34F6CF4D2CE015AA003F7389 /* XCRemoteSwiftPackageReference "InfiniteScrollViews" */ = {
			isa = XCRemoteSwiftPackageReference;
			repositoryURL = "https://github.com/b5i/InfiniteScrollViews";
			requirement = {
				kind = revision;
				revision = adec1afc091e1f6e367da585a3cb699c2cb95a5f;
			};
		};
/* End XCRemoteSwiftPackageReference section */

/* Begin XCSwiftPackageProductDependency section */
		344DFF052A69918E0057093F /* CachedAsyncImage */ = {
			isa = XCSwiftPackageProductDependency;
			package = 344DFF042A69918E0057093F /* XCRemoteSwiftPackageReference "swiftui-cached-async-image" */;
			productName = CachedAsyncImage;
		};
		346259082A6463FE0046D0ED /* YouTubeKit */ = {
			isa = XCSwiftPackageProductDependency;
			package = 346259072A6463FE0046D0ED /* XCRemoteSwiftPackageReference "YouTubeKit" */;
			productName = YouTubeKit;
		};
		34F6CF4E2CE015AA003F7389 /* InfiniteScrollViews */ = {
			isa = XCSwiftPackageProductDependency;
			package = 34F6CF4D2CE015AA003F7389 /* XCRemoteSwiftPackageReference "InfiniteScrollViews" */;
			productName = InfiniteScrollViews;
		};
/* End XCSwiftPackageProductDependency section */
	};
	rootObject = 346258DD2A643AFC0046D0ED /* Project object */;
}
